
Microsoft Visual Studio Solution File, Format Version 12.00
# Visual Studio Version 17
VisualStudioVersion = 17.13.35806.99
MinimumVisualStudioVersion = 10.0.40219.1
Project("{FAE04EC0-301F-11D3-BF4B-00C04F79EFBC}") = "SimpleCare.API", "SimpleCare.API\SimpleCare.API.csproj", "{F6E49B49-21D8-4FBB-BBAC-DD9EC3877C2D}"
EndProject
Project("{FAE04EC0-301F-11D3-BF4B-00C04F79EFBC}") = "SimpleCare.EmergencyWards.Application", "SimpleCare.EmergencyWards.Application\SimpleCare.EmergencyWards.Application.csproj", "{AFDD1F51-7613-45BF-B0D4-0EDDDDBD300D}"
EndProject
Project("{FAE04EC0-301F-11D3-BF4B-00C04F79EFBC}") = "SimpleCare.EmergencyWards", "SimpleCare.EmergencyWards\SimpleCare.EmergencyWards.csproj", "{67834139-99BE-4360-B2F0-E2E6F5013A24}"
EndProject
Project("{FAE04EC0-301F-11D3-BF4B-00C04F79EFBC}") = "SimpleCare.BedWards.Application", "SimpleCare.BedWards.Application\SimpleCare.BedWards.Application.csproj", "{DD4D8ABA-35DC-417C-8F52-28E6028585CA}"
EndProject
Project("{FAE04EC0-301F-11D3-BF4B-00C04F79EFBC}") = "SimpleCare.BedWards", "SimpleCare.BedWards\SimpleCare.BedWards.csproj", "{AFD15FCA-066F-4BB7-95A5-C014DB8BD8FE}"
EndProject
Project("{FAE04EC0-301F-11D3-BF4B-00C04F79EFBC}") = "SimpleCare.Infrastructure", "SimpleCare.Infrastructure\SimpleCare.Infrastructure.csproj", "{68B15D91-D846-4287-8604-4E6EFA3F04F1}"
EndProject
Project("{FAE04EC0-301F-11D3-BF4B-00C04F79EFBC}") = "SimpleCare.Infrastructure.Interfaces", "SimpleCare.Infrastructure.Interfaces\SimpleCare.Infrastructure.Interfaces.csproj", "{0CD33D02-6127-4415-B335-D6EC6E231EBE}"
EndProject
Project("{2150E333-8FDC-42A3-9474-1A3956D46DE8}") = "OpenApi", "OpenApi", "{02EA681E-C7D8-13C7-8484-4AC65E1B71E8}"
	ProjectSection(SolutionItems) = preProject
		OpenApi.json = OpenApi.json
	EndProjectSection
EndProject
Project("{FAE04EC0-301F-11D3-BF4B-00C04F79EFBC}") = "SimpleCare.BedWards.Boundary", "SimpleCare.BedWards.Boundary\SimpleCare.BedWards.Boundary.csproj", "{7374BAED-BB47-419D-BFD1-9BDBC704993B}"
EndProject
Project("{2150E333-8FDC-42A3-9474-1A3956D46DE8}") = "Solution Items", "Solution Items", "{8EC462FD-D22E-90A8-E5CE-7E832BA40C5D}"
	ProjectSection(SolutionItems) = preProject
		docker-compose.yaml = docker-compose.yaml
		README.md = README.md
	EndProjectSection
EndProject
Project("{FAE04EC0-301F-11D3-BF4B-00C04F79EFBC}") = "SimpleCare.EmergencyWards.Boundary", "SimpleCare.EmergencyWards.Boundary\SimpleCare.EmergencyWards.Boundary.csproj", "{948E2979-A24B-4024-9AC8-8E9F128CBF9B}"
EndProject
Global
	GlobalSection(SolutionConfigurationPlatforms) = preSolution
		Debug|Any CPU = Debug|Any CPU
		Release|Any CPU = Release|Any CPU
	EndGlobalSection
	GlobalSection(ProjectConfigurationPlatforms) = postSolution
		{F6E49B49-21D8-4FBB-BBAC-DD9EC3877C2D}.Debug|Any CPU.ActiveCfg = Debug|Any CPU
		{F6E49B49-21D8-4FBB-BBAC-DD9EC3877C2D}.Debug|Any CPU.Build.0 = Debug|Any CPU
		{F6E49B49-21D8-4FBB-BBAC-DD9EC3877C2D}.Release|Any CPU.ActiveCfg = Release|Any CPU
		{F6E49B49-21D8-4FBB-BBAC-DD9EC3877C2D}.Release|Any CPU.Build.0 = Release|Any CPU
		{AFDD1F51-7613-45BF-B0D4-0EDDDDBD300D}.Debug|Any CPU.ActiveCfg = Debug|Any CPU
		{AFDD1F51-7613-45BF-B0D4-0EDDDDBD300D}.Debug|Any CPU.Build.0 = Debug|Any CPU
		{AFDD1F51-7613-45BF-B0D4-0EDDDDBD300D}.Release|Any CPU.ActiveCfg = Release|Any CPU
		{AFDD1F51-7613-45BF-B0D4-0EDDDDBD300D}.Release|Any CPU.Build.0 = Release|Any CPU
		{67834139-99BE-4360-B2F0-E2E6F5013A24}.Debug|Any CPU.ActiveCfg = Debug|Any CPU
		{67834139-99BE-4360-B2F0-E2E6F5013A24}.Debug|Any CPU.Build.0 = Debug|Any CPU
		{67834139-99BE-4360-B2F0-E2E6F5013A24}.Release|Any CPU.ActiveCfg = Release|Any CPU
		{67834139-99BE-4360-B2F0-E2E6F5013A24}.Release|Any CPU.Build.0 = Release|Any CPU
		{DD4D8ABA-35DC-417C-8F52-28E6028585CA}.Debug|Any CPU.ActiveCfg = Debug|Any CPU
		{DD4D8ABA-35DC-417C-8F52-28E6028585CA}.Debug|Any CPU.Build.0 = Debug|Any CPU
		{DD4D8ABA-35DC-417C-8F52-28E6028585CA}.Release|Any CPU.ActiveCfg = Release|Any CPU
		{DD4D8ABA-35DC-417C-8F52-28E6028585CA}.Release|Any CPU.Build.0 = Release|Any CPU
		{AFD15FCA-066F-4BB7-95A5-C014DB8BD8FE}.Debug|Any CPU.ActiveCfg = Debug|Any CPU
		{AFD15FCA-066F-4BB7-95A5-C014DB8BD8FE}.Debug|Any CPU.Build.0 = Debug|Any CPU
		{AFD15FCA-066F-4BB7-95A5-C014DB8BD8FE}.Release|Any CPU.ActiveCfg = Release|Any CPU
		{AFD15FCA-066F-4BB7-95A5-C014DB8BD8FE}.Release|Any CPU.Build.0 = Release|Any CPU
		{68B15D91-D846-4287-8604-4E6EFA3F04F1}.Debug|Any CPU.ActiveCfg = Debug|Any CPU
		{68B15D91-D846-4287-8604-4E6EFA3F04F1}.Debug|Any CPU.Build.0 = Debug|Any CPU
		{68B15D91-D846-4287-8604-4E6EFA3F04F1}.Release|Any CPU.ActiveCfg = Release|Any CPU
		{68B15D91-D846-4287-8604-4E6EFA3F04F1}.Release|Any CPU.Build.0 = Release|Any CPU
		{0CD33D02-6127-4415-B335-D6EC6E231EBE}.Debug|Any CPU.ActiveCfg = Debug|Any CPU
		{0CD33D02-6127-4415-B335-D6EC6E231EBE}.Debug|Any CPU.Build.0 = Debug|Any CPU
		{0CD33D02-6127-4415-B335-D6EC6E231EBE}.Release|Any CPU.ActiveCfg = Release|Any CPU
		{0CD33D02-6127-4415-B335-D6EC6E231EBE}.Release|Any CPU.Build.0 = Release|Any CPU
		{7374BAED-BB47-419D-BFD1-9BDBC704993B}.Debug|Any CPU.ActiveCfg = Debug|Any CPU
		{7374BAED-BB47-419D-BFD1-9BDBC704993B}.Debug|Any CPU.Build.0 = Debug|Any CPU
		{7374BAED-BB47-419D-BFD1-9BDBC704993B}.Release|Any CPU.ActiveCfg = Release|Any CPU
		{7374BAED-BB47-419D-BFD1-9BDBC704993B}.Release|Any CPU.Build.0 = Release|Any CPU
		{948E2979-A24B-4024-9AC8-8E9F128CBF9B}.Debug|Any CPU.ActiveCfg = Debug|Any CPU
		{948E2979-A24B-4024-9AC8-8E9F128CBF9B}.Debug|Any CPU.Build.0 = Debug|Any CPU
		{948E2979-A24B-4024-9AC8-8E9F128CBF9B}.Release|Any CPU.ActiveCfg = Release|Any CPU
		{948E2979-A24B-4024-9AC8-8E9F128CBF9B}.Release|Any CPU.Build.0 = Release|Any CPU
	EndGlobalSection
	GlobalSection(SolutionProperties) = preSolution
		HideSolutionNode = FALSE
	EndGlobalSection
	GlobalSection(ExtensibilityGlobals) = postSolution
		SolutionGuid = {605555F9-05CE-4DBE-AB0E-96D139B6B5CC}
	EndGlobalSection
EndGlobal
